
Microsoft Visual Studio Solution File, Format Version 12.00
Project("{2150E333-8FDC-42A3-9474-1A3956D46DE8}") = "Presentation", "Presentation", "{68170DCB-FF60-4AA6-A5F8-7D05367C51EA}"
EndProject
Project("{FAE04EC0-301F-11D3-BF4B-00C04F79EFBC}") = "TemporaryAPI", "src\Presentation\TemporaryAPI\TemporaryAPI.csproj", "{CCAE2FA4-93D2-4404-9A56-F4A707439CC2}"
EndProject
Global
	GlobalSection(SolutionConfigurationPlatforms) = preSolution
		Debug|Any CPU = Debug|Any CPU
		Release|Any CPU = Release|Any CPU
	EndGlobalSection
	GlobalSection(NestedProjects) = preSolution
		{CCAE2FA4-93D2-4404-9A56-F4A707439CC2} = {68170DCB-FF60-4AA6-A5F8-7D05367C51EA}
	EndGlobalSection
	GlobalSection(ProjectConfigurationPlatforms) = postSolution
		{CCAE2FA4-93D2-4404-9A56-F4A707439CC2}.Debug|Any CPU.ActiveCfg = Debug|Any CPU
		{CCAE2FA4-93D2-4404-9A56-F4A707439CC2}.Debug|Any CPU.Build.0 = Debug|Any CPU
		{CCAE2FA4-93D2-4404-9A56-F4A707439CC2}.Release|Any CPU.ActiveCfg = Release|Any CPU
		{CCAE2FA4-93D2-4404-9A56-F4A707439CC2}.Release|Any CPU.Build.0 = Release|Any CPU
	EndGlobalSection
EndGlobal
